
Microsoft Visual Studio Solution File, Format Version 12.00
# Visual Studio Version 17
VisualStudioVersion = 17.0.31919.166
MinimumVisualStudioVersion = 10.0.40219.1
Project("{FAE04EC0-301F-11D3-BF4B-00C04F79EFBC}") = "VowelConsonantProgram", "VowelConsonantProgram\VowelConsonantProgram.csproj", "{5FB4A2C6-1885-4435-AF18-C601215491C7}"
EndProject
Global
	GlobalSection(SolutionConfigurationPlatforms) = preSolution
		Debug|Any CPU = Debug|Any CPU
		Release|Any CPU = Release|Any CPU
	EndGlobalSection
	GlobalSection(ProjectConfigurationPlatforms) = postSolution
		{5FB4A2C6-1885-4435-AF18-C601215491C7}.Debug|Any CPU.ActiveCfg = Debug|Any CPU
		{5FB4A2C6-1885-4435-AF18-C601215491C7}.Debug|Any CPU.Build.0 = Debug|Any CPU
		{5FB4A2C6-1885-4435-AF18-C601215491C7}.Release|Any CPU.ActiveCfg = Release|Any CPU
		{5FB4A2C6-1885-4435-AF18-C601215491C7}.Release|Any CPU.Build.0 = Release|Any CPU
	EndGlobalSection
	GlobalSection(SolutionProperties) = preSolution
		HideSolutionNode = FALSE
	EndGlobalSection
	GlobalSection(ExtensibilityGlobals) = postSolution
		SolutionGuid = {F2195C6D-10A6-4B02-B773-E63586128F5D}
	EndGlobalSection
EndGlobal
